# THIS IS AN AUTOGENERATED FILE. DO NOT EDIT THIS FILE DIRECTLY.
# yarn lockfile v1


"@gridsheet/react-core@file:../../src":
  version "0.0.0"

"@types/prop-types@*":
  version "15.7.13"
  resolved "https://registry.yarnpkg.com/@types/prop-types/-/prop-types-15.7.13.tgz#2af91918ee12d9d32914feb13f5326658461b451"
  integrity sha512-hCZTSvwbzWGvhqxp/RqVqwU999pBf2vp7hzIjiYOsl8wqOmUxkQ6ddw1cV3l8811+kdUFus/q4d1Y3E3SyEifA==

"@types/react-dom@>=16.9.0":
  version "18.3.1"
  resolved "https://registry.yarnpkg.com/@types/react-dom/-/react-dom-18.3.1.tgz#1e4654c08a9cdcfb6594c780ac59b55aad42fe07"
  integrity sha512-qW1Mfv8taImTthu4KoXgDfLuk4bydU6Q/TkADnDWWHwi4NX4BR+LWfTp2sVmTqRrsHvyDDTelgelxJ+SsejKKQ==
  dependencies:
    "@types/react" "*"

"@types/react@*", "@types/react@>=16.9.0":
  version "18.3.12"
  resolved "https://registry.yarnpkg.com/@types/react/-/react-18.3.12.tgz#99419f182ccd69151813b7ee24b792fe08774f60"
  integrity sha512-D2wOSq/d6Agt28q7rSI3jhU7G6aiuzljDGZ2hTZHIkrTLUI+AF3WMeKkEZ9nN2fkBAlcktT6vcZjDFiIhMYEQw==
  dependencies:
    "@types/prop-types" "*"
    csstype "^3.0.2"

csstype@^3.0.2:
  version "3.1.3"
  resolved "https://registry.yarnpkg.com/csstype/-/csstype-3.1.3.tgz#d80ff294d114fb0e6ac500fbf85b60137d7eff81"
  integrity sha512-M1uQkMl8rQK/szD0LNhtqxIPLpimGm8sOBwU7lLnCpSbTyY3yeU1Vc7l4KT5zT4s/yOxHH5O7tIuuLOCnLADRw==

typescript@^5.6.3:
  version "5.7.2"
  resolved "https://registry.yarnpkg.com/typescript/-/typescript-5.7.2.tgz#3169cf8c4c8a828cde53ba9ecb3d2b1d5dd67be6"
  integrity sha512-i5t66RHxDvVN40HfDd1PsEThGNnlMCMT3jMUuoh9/0TaqWevNontacunWyN02LA9/fIbEWlcHZcgTKb9QoaLfg==
